// !$*UTF8*$!
{
	archiveVersion = 1;
	classes = {
	};
	objectVersion = 46;
	objects = {

/* Begin PBXBuildFile section */
		50EB14FF1C16C73800BE3E83 /* AppDelegate.swift in Sources */ = {isa = PBXBuildFile; fileRef = 50EB14FE1C16C73800BE3E83 /* AppDelegate.swift */; };
		50EB15011C16C73800BE3E83 /* ViewController.swift in Sources */ = {isa = PBXBuildFile; fileRef = 50EB15001C16C73800BE3E83 /* ViewController.swift */; };
		50EB15041C16C73800BE3E83 /* Main.storyboard in Resources */ = {isa = PBXBuildFile; fileRef = 50EB15021C16C73800BE3E83 /* Main.storyboard */; };
		50EB15091C16C73800BE3E83 /* Assets.xcassets in Resources */ = {isa = PBXBuildFile; fileRef = 50EB15081C16C73800BE3E83 /* Assets.xcassets */; };
		50EB150C1C16C73800BE3E83 /* LaunchScreen.storyboard in Resources */ = {isa = PBXBuildFile; fileRef = 50EB150A1C16C73800BE3E83 /* LaunchScreen.storyboard */; };
		50EB15171C16C73800BE3E83 /* SoberTests.swift in Sources */ = {isa = PBXBuildFile; fileRef = 50EB15161C16C73800BE3E83 /* SoberTests.swift */; };
/* End PBXBuildFile section */

/* Begin PBXContainerItemProxy section */
		50EB15131C16C73800BE3E83 /* PBXContainerItemProxy */ = {
			isa = PBXContainerItemProxy;
			containerPortal = 50EB14F31C16C73800BE3E83 /* Project object */;
			proxyType = 1;
			remoteGlobalIDString = 50EB14FA1C16C73800BE3E83;
			remoteInfo = Sober;
		};
/* End PBXContainerItemProxy section */

/* Begin PBXFileReference section */
		50EB14FB1C16C73800BE3E83 /* Sober.app */ = {isa = PBXFileReference; explicitFileType = wrapper.application; includeInIndex = 0; path = Sober.app; sourceTree = BUILT_PRODUCTS_DIR; };
		50EB14FE1C16C73800BE3E83 /* AppDelegate.swift */ = {isa = PBXFileReference; lastKnownFileType = sourcecode.swift; path = AppDelegate.swift; sourceTree = "<group>"; };
		50EB15001C16C73800BE3E83 /* ViewController.swift */ = {isa = PBXFileReference; lastKnownFileType = sourcecode.swift; path = ViewController.swift; sourceTree = "<group>"; };
		50EB15031C16C73800BE3E83 /* Base */ = {isa = PBXFileReference; lastKnownFileType = file.storyboard; name = Base; path = Base.lproj/Main.storyboard; sourceTree = "<group>"; };
		50EB15081C16C73800BE3E83 /* Assets.xcassets */ = {isa = PBXFileReference; lastKnownFileType = folder.assetcatalog; path = Assets.xcassets; sourceTree = "<group>"; };
		50EB150B1C16C73800BE3E83 /* Base */ = {isa = PBXFileReference; lastKnownFileType = file.storyboard; name = Base; path = Base.lproj/LaunchScreen.storyboard; sourceTree = "<group>"; };
		50EB150D1C16C73800BE3E83 /* Info.plist */ = {isa = PBXFileReference; lastKnownFileType = text.plist.xml; path = Info.plist; sourceTree = "<group>"; };
		50EB15121C16C73800BE3E83 /* SoberTests.xctest */ = {isa = PBXFileReference; explicitFileType = wrapper.cfbundle; includeInIndex = 0; path = SoberTests.xctest; sourceTree = BUILT_PRODUCTS_DIR; };
		50EB15161C16C73800BE3E83 /* SoberTests.swift */ = {isa = PBXFileReference; lastKnownFileType = sourcecode.swift; path = SoberTests.swift; sourceTree = "<group>"; };
		50EB15181C16C73800BE3E83 /* Info.plist */ = {isa = PBXFileReference; lastKnownFileType = text.plist.xml; path = Info.plist; sourceTree = "<group>"; };
/* End PBXFileReference section */

/* Begin PBXFrameworksBuildPhase section */
		50EB14F81C16C73800BE3E83 /* Frameworks */ = {
			isa = PBXFrameworksBuildPhase;
			buildActionMask = 2147483647;
			files = (
			);
			runOnlyForDeploymentPostprocessing = 0;
		};
		50EB150F1C16C73800BE3E83 /* Frameworks */ = {
			isa = PBXFrameworksBuildPhase;
			buildActionMask = 2147483647;
			files = (
			);
			runOnlyForDeploymentPostprocessing = 0;
		};
/* End PBXFrameworksBuildPhase section */

/* Begin PBXGroup section */
		50EB14F21C16C73800BE3E83 = {
			isa = PBXGroup;
			children = (
				50EB14FD1C16C73800BE3E83 /* Sober */,
				50EB15151C16C73800BE3E83 /* SoberTests */,
				50EB14FC1C16C73800BE3E83 /* Products */,
			);
			sourceTree = "<group>";
		};
		50EB14FC1C16C73800BE3E83 /* Products */ = {
			isa = PBXGroup;
			children = (
				50EB14FB1C16C73800BE3E83 /* Sober.app */,
				50EB15121C16C73800BE3E83 /* SoberTests.xctest */,
			);
			name = Products;
			sourceTree = "<group>";
		};
		50EB14FD1C16C73800BE3E83 /* Sober */ = {
			isa = PBXGroup;
			children = (
				50EB14FE1C16C73800BE3E83 /* AppDelegate.swift */,
				50EB15001C16C73800BE3E83 /* ViewController.swift */,
				50EB15021C16C73800BE3E83 /* Main.storyboard */,
				50EB15081C16C73800BE3E83 /* Assets.xcassets */,
				50EB150A1C16C73800BE3E83 /* LaunchScreen.storyboard */,
				50EB150D1C16C73800BE3E83 /* Info.plist */,
			);
			path = Sober;
			sourceTree = "<group>";
		};
		50EB15151C16C73800BE3E83 /* SoberTests */ = {
			isa = PBXGroup;
			children = (
				50EB15161C16C73800BE3E83 /* SoberTests.swift */,
				50EB15181C16C73800BE3E83 /* Info.plist */,
			);
			path = SoberTests;
			sourceTree = "<group>";
		};
/* End PBXGroup section */

/* Begin PBXNativeTarget section */
		50EB14FA1C16C73800BE3E83 /* Sober */ = {
			isa = PBXNativeTarget;
			buildConfigurationList = 50EB151B1C16C73800BE3E83 /* Build configuration list for PBXNativeTarget "Sober" */;
			buildPhases = (
				50EB14F71C16C73800BE3E83 /* Sources */,
				50EB14F81C16C73800BE3E83 /* Frameworks */,
				50EB14F91C16C73800BE3E83 /* Resources */,
			);
			buildRules = (
			);
			dependencies = (
			);
			name = Sober;
			productName = Sober;
			productReference = 50EB14FB1C16C73800BE3E83 /* Sober.app */;
			productType = "com.apple.product-type.application";
		};
		50EB15111C16C73800BE3E83 /* SoberTests */ = {
			isa = PBXNativeTarget;
			buildConfigurationList = 50EB151E1C16C73800BE3E83 /* Build configuration list for PBXNativeTarget "SoberTests" */;
			buildPhases = (
				50EB150E1C16C73800BE3E83 /* Sources */,
				50EB150F1C16C73800BE3E83 /* Frameworks */,
				50EB15101C16C73800BE3E83 /* Resources */,
			);
			buildRules = (
			);
			dependencies = (
				50EB15141C16C73800BE3E83 /* PBXTargetDependency */,
			);
			name = SoberTests;
			productName = SoberTests;
			productReference = 50EB15121C16C73800BE3E83 /* SoberTests.xctest */;
			productType = "com.apple.product-type.bundle.unit-test";
		};
/* End PBXNativeTarget section */

/* Begin PBXProject section */
		50EB14F31C16C73800BE3E83 /* Project object */ = {
			isa = PBXProject;
			attributes = {
				LastSwiftUpdateCheck = 0710;
				LastUpgradeCheck = 0710;
				ORGANIZATIONNAME = Albert;
				TargetAttributes = {
					50EB14FA1C16C73800BE3E83 = {
						CreatedOnToolsVersion = 7.1.1;
						DevelopmentTeam = 87H2VH7WUN;
					};
					50EB15111C16C73800BE3E83 = {
						CreatedOnToolsVersion = 7.1.1;
						TestTargetID = 50EB14FA1C16C73800BE3E83;
					};
				};
			};
			buildConfigurationList = 50EB14F61C16C73800BE3E83 /* Build configuration list for PBXProject "Sober" */;
			compatibilityVersion = "Xcode 3.2";
			developmentRegion = English;
			hasScannedForEncodings = 0;
			knownRegions = (
				en,
				Base,
			);
			mainGroup = 50EB14F21C16C73800BE3E83;
			productRefGroup = 50EB14FC1C16C73800BE3E83 /* Products */;
			projectDirPath = "";
			projectRoot = "";
			targets = (
				50EB14FA1C16C73800BE3E83 /* Sober */,
				50EB15111C16C73800BE3E83 /* SoberTests */,
			);
		};
/* End PBXProject section */

/* Begin PBXResourcesBuildPhase section */
		50EB14F91C16C73800BE3E83 /* Resources */ = {
			isa = PBXResourcesBuildPhase;
			buildActionMask = 2147483647;
			files = (
				50EB150C1C16C73800BE3E83 /* LaunchScreen.storyboard in Resources */,
				50EB15091C16C73800BE3E83 /* Assets.xcassets in Resources */,
				50EB15041C16C73800BE3E83 /* Main.storyboard in Resources */,
			);
			runOnlyForDeploymentPostprocessing = 0;
		};
		50EB15101C16C73800BE3E83 /* Resources */ = {
			isa = PBXResourcesBuildPhase;
			buildActionMask = 2147483647;
			files = (
			);
			runOnlyForDeploymentPostprocessing = 0;
		};
/* End PBXResourcesBuildPhase section */

/* Begin PBXSourcesBuildPhase section */
		50EB14F71C16C73800BE3E83 /* Sources */ = {
			isa = PBXSourcesBuildPhase;
			buildActionMask = 2147483647;
			files = (
				50EB15011C16C73800BE3E83 /* ViewController.swift in Sources */,
				50EB14FF1C16C73800BE3E83 /* AppDelegate.swift in Sources */,
			);
			runOnlyForDeploymentPostprocessing = 0;
		};
		50EB150E1C16C73800BE3E83 /* Sources */ = {
			isa = PBXSourcesBuildPhase;
			buildActionMask = 2147483647;
			files = (
				50EB15171C16C73800BE3E83 /* SoberTests.swift in Sources */,
			);
			runOnlyForDeploymentPostprocessing = 0;
		};
/* End PBXSourcesBuildPhase section */

/* Begin PBXTargetDependency section */
		50EB15141C16C73800BE3E83 /* PBXTargetDependency */ = {
			isa = PBXTargetDependency;
			target = 50EB14FA1C16C73800BE3E83 /* Sober */;
			targetProxy = 50EB15131C16C73800BE3E83 /* PBXContainerItemProxy */;
		};
/* End PBXTargetDependency section */

/* Begin PBXVariantGroup section */
		50EB15021C16C73800BE3E83 /* Main.storyboard */ = {
			isa = PBXVariantGroup;
			children = (
				50EB15031C16C73800BE3E83 /* Base */,
			);
			name = Main.storyboard;
			sourceTree = "<group>";
		};
		50EB150A1C16C73800BE3E83 /* LaunchScreen.storyboard */ = {
			isa = PBXVariantGroup;
			children = (
				50EB150B1C16C73800BE3E83 /* Base */,
			);
			name = LaunchScreen.storyboard;
			sourceTree = "<group>";
		};
/* End PBXVariantGroup section */

/* Begin XCBuildConfiguration section */
		50EB15191C16C73800BE3E83 /* Debug */ = {
			isa = XCBuildConfiguration;
			buildSettings = {
				ALWAYS_SEARCH_USER_PATHS = NO;
				CLANG_CXX_LANGUAGE_STANDARD = "gnu++0x";
				CLANG_CXX_LIBRARY = "libc++";
				CLANG_ENABLE_MODULES = YES;
				CLANG_ENABLE_OBJC_ARC = YES;
				CLANG_WARN_BOOL_CONVERSION = YES;
				CLANG_WARN_CONSTANT_CONVERSION = YES;
				CLANG_WARN_DIRECT_OBJC_ISA_USAGE = YES_ERROR;
				CLANG_WARN_EMPTY_BODY = YES;
				CLANG_WARN_ENUM_CONVERSION = YES;
				CLANG_WARN_INT_CONVERSION = YES;
				CLANG_WARN_OBJC_ROOT_CLASS = YES_ERROR;
				CLANG_WARN_UNREACHABLE_CODE = YES;
				CLANG_WARN__DUPLICATE_METHOD_MATCH = YES;
				"CODE_SIGN_IDENTITY[sdk=iphoneos*]" = "iPhone Developer";
				COPY_PHASE_STRIP = NO;
				DEBUG_INFORMATION_FORMAT = dwarf;
				ENABLE_STRICT_OBJC_MSGSEND = YES;
				ENABLE_TESTABILITY = YES;
				GCC_C_LANGUAGE_STANDARD = gnu99;
				GCC_DYNAMIC_NO_PIC = NO;
				GCC_NO_COMMON_BLOCKS = YES;
				GCC_OPTIMIZATION_LEVEL = 0;
				GCC_PREPROCESSOR_DEFINITIONS = (
					"DEBUG=1",
					"$(inherited)",
				);
				GCC_WARN_64_TO_32_BIT_CONVERSION = YES;
				GCC_WARN_ABOUT_RETURN_TYPE = YES_ERROR;
				GCC_WARN_UNDECLARED_SELECTOR = YES;
				GCC_WARN_UNINITIALIZED_AUTOS = YES_AGGRESSIVE;
				GCC_WARN_UNUSED_FUNCTION = YES;
				GCC_WARN_UNUSED_VARIABLE = YES;
				IPHONEOS_DEPLOYMENT_TARGET = 9.1;
				MTL_ENABLE_DEBUG_INFO = YES;
				ONLY_ACTIVE_ARCH = YES;
				SDKROOT = iphoneos;
				SWIFT_OPTIMIZATION_LEVEL = "-Onone";
			};
			name = Debug;
		};
		50EB151A1C16C73800BE3E83 /* Release */ = {
			isa = XCBuildConfiguration;
			buildSettings = {
				ALWAYS_SEARCH_USER_PATHS = NO;
				CLANG_CXX_LANGUAGE_STANDARD = "gnu++0x";
				CLANG_CXX_LIBRARY = "libc++";
				CLANG_ENABLE_MODULES = YES;
				CLANG_ENABLE_OBJC_ARC = YES;
				CLANG_WARN_BOOL_CONVERSION = YES;
				CLANG_WARN_CONSTANT_CONVERSION = YES;
				CLANG_WARN_DIRECT_OBJC_ISA_USAGE = YES_ERROR;
				CLANG_WARN_EMPTY_BODY = YES;
				CLANG_WARN_ENUM_CONVERSION = YES;
				CLANG_WARN_INT_CONVERSION = YES;
				CLANG_WARN_OBJC_ROOT_CLASS = YES_ERROR;
				CLANG_WARN_UNREACHABLE_CODE = YES;
				CLANG_WARN__DUPLICATE_METHOD_MATCH = YES;
				"CODE_SIGN_IDENTITY[sdk=iphoneos*]" = "iPhone Developer";
				COPY_PHASE_STRIP = NO;
				DEBUG_INFORMATION_FORMAT = "dwarf-with-dsym";
				ENABLE_NS_ASSERTIONS = NO;
				ENABLE_STRICT_OBJC_MSGSEND = YES;
				GCC_C_LANGUAGE_STANDARD = gnu99;
				GCC_NO_COMMON_BLOCKS = YES;
				GCC_WARN_64_TO_32_BIT_CONVERSION = YES;
				GCC_WARN_ABOUT_RETURN_TYPE = YES_ERROR;
				GCC_WARN_UNDECLARED_SELECTOR = YES;
				GCC_WARN_UNINITIALIZED_AUTOS = YES_AGGRESSIVE;
				GCC_WARN_UNUSED_FUNCTION = YES;
				GCC_WARN_UNUSED_VARIABLE = YES;
				IPHONEOS_DEPLOYMENT_TARGET = 9.1;
				MTL_ENABLE_DEBUG_INFO = NO;
				SDKROOT = iphoneos;
				VALIDATE_PRODUCT = YES;
			};
			name = Release;
		};
		50EB151C1C16C73800BE3E83 /* Debug */ = {
			isa = XCBuildConfiguration;
			buildSettings = {
				ASSETCATALOG_COMPILER_APPICON_NAME = AppIcon;
				CODE_SIGN_IDENTITY = "iPhone Developer";
				INFOPLIST_FILE = Sober/Info.plist;
				LD_RUNPATH_SEARCH_PATHS = "$(inherited) @executable_path/Frameworks";
				PRODUCT_BUNDLE_IDENTIFIER = cn.youja.Sober;
				PRODUCT_NAME = "$(TARGET_NAME)";
			};
			name = Debug;
		};
		50EB151D1C16C73800BE3E83 /* Release */ = {
			isa = XCBuildConfiguration;
			buildSettings = {
				ASSETCATALOG_COMPILER_APPICON_NAME = AppIcon;
				CODE_SIGN_IDENTITY = "iPhone Developer";
				INFOPLIST_FILE = Sober/Info.plist;
				LD_RUNPATH_SEARCH_PATHS = "$(inherited) @executable_path/Frameworks";
				PRODUCT_BUNDLE_IDENTIFIER = cn.youja.Sober;
				PRODUCT_NAME = "$(TARGET_NAME)";
			};
			name = Release;
		};
		50EB151F1C16C73800BE3E83 /* Debug */ = {
			isa = XCBuildConfiguration;
			buildSettings = {
				BUNDLE_LOADER = "$(TEST_HOST)";
				INFOPLIST_FILE = SoberTests/Info.plist;
				LD_RUNPATH_SEARCH_PATHS = "$(inherited) @executable_path/Frameworks @loader_path/Frameworks";
				PRODUCT_BUNDLE_IDENTIFIER = cn.youja.SoberTests;
				PRODUCT_NAME = "$(TARGET_NAME)";
				TEST_HOST = "$(BUILT_PRODUCTS_DIR)/Sober.app/Sober";
			};
			name = Debug;
		};
		50EB15201C16C73800BE3E83 /* Release */ = {
			isa = XCBuildConfiguration;
			buildSettings = {
				BUNDLE_LOADER = "$(TEST_HOST)";
				INFOPLIST_FILE = SoberTests/Info.plist;
				LD_RUNPATH_SEARCH_PATHS = "$(inherited) @executable_path/Frameworks @loader_path/Frameworks";
				PRODUCT_BUNDLE_IDENTIFIER = cn.youja.SoberTests;
				PRODUCT_NAME = "$(TARGET_NAME)";
				TEST_HOST = "$(BUILT_PRODUCTS_DIR)/Sober.app/Sober";
			};
			name = Release;
		};
/* End XCBuildConfiguration section */

/* Begin XCConfigurationList section */
		50EB14F61C16C73800BE3E83 /* Build configuration list for PBXProject "Sober" */ = {
			isa = XCConfigurationList;
			buildConfigurations = (
				50EB15191C16C73800BE3E83 /* Debug */,
				50EB151A1C16C73800BE3E83 /* Release */,
			);
			defaultConfigurationIsVisible = 0;
			defaultConfigurationName = Release;
		};
		50EB151B1C16C73800BE3E83 /* Build configuration list for PBXNativeTarget "Sober" */ = {
			isa = XCConfigurationList;
			buildConfigurations = (
				50EB151C1C16C73800BE3E83 /* Debug */,
				50EB151D1C16C73800BE3E83 /* Release */,
			);
			defaultConfigurationIsVisible = 0;
			defaultConfigurationName = Release;
		};
		50EB151E1C16C73800BE3E83 /* Build configuration list for PBXNativeTarget "SoberTests" */ = {
			isa = XCConfigurationList;
			buildConfigurations = (
				50EB151F1C16C73800BE3E83 /* Debug */,
				50EB15201C16C73800BE3E83 /* Release */,
			);
			defaultConfigurationIsVisible = 0;
			defaultConfigurationName = Release;
		};
/* End XCConfigurationList section */
	};
	rootObject = 50EB14F31C16C73800BE3E83 /* Project object */;
}
