// !$*UTF8*$!
{
	archiveVersion = 1;
	classes = {
	};
	objectVersion = 46;
	objects = {

/* Begin PBXBuildFile section */
		50B8C6D41BFD3DA700D80D9E /* AppDelegate.swift in Sources */ = {isa = PBXBuildFile; fileRef = 50B8C6D31BFD3DA700D80D9E /* AppDelegate.swift */; };
		50B8C6D71BFD3DA700D80D9E /* Sober.xcdatamodeld in Sources */ = {isa = PBXBuildFile; fileRef = 50B8C6D51BFD3DA700D80D9E /* Sober.xcdatamodeld */; };
		50B8C6D91BFD3DA700D80D9E /* MasterViewController.swift in Sources */ = {isa = PBXBuildFile; fileRef = 50B8C6D81BFD3DA700D80D9E /* MasterViewController.swift */; };
		50B8C6DB1BFD3DA700D80D9E /* DetailViewController.swift in Sources */ = {isa = PBXBuildFile; fileRef = 50B8C6DA1BFD3DA700D80D9E /* DetailViewController.swift */; };
		50B8C6DE1BFD3DA700D80D9E /* Main.storyboard in Resources */ = {isa = PBXBuildFile; fileRef = 50B8C6DC1BFD3DA700D80D9E /* Main.storyboard */; };
		50B8C6E01BFD3DA700D80D9E /* Assets.xcassets in Resources */ = {isa = PBXBuildFile; fileRef = 50B8C6DF1BFD3DA700D80D9E /* Assets.xcassets */; };
		50B8C6E31BFD3DA700D80D9E /* LaunchScreen.storyboard in Resources */ = {isa = PBXBuildFile; fileRef = 50B8C6E11BFD3DA700D80D9E /* LaunchScreen.storyboard */; };
		50B8C6EE1BFD3DA800D80D9E /* SoberTests.swift in Sources */ = {isa = PBXBuildFile; fileRef = 50B8C6ED1BFD3DA800D80D9E /* SoberTests.swift */; };
		50B8C6F91BFD3DA800D80D9E /* SoberUITests.swift in Sources */ = {isa = PBXBuildFile; fileRef = 50B8C6F81BFD3DA800D80D9E /* SoberUITests.swift */; };
/* End PBXBuildFile section */

/* Begin PBXContainerItemProxy section */
		50B8C6EA1BFD3DA800D80D9E /* PBXContainerItemProxy */ = {
			isa = PBXContainerItemProxy;
			containerPortal = 50B8C6C61BFD3C5B00D80D9E /* Project object */;
			proxyType = 1;
			remoteGlobalIDString = 50B8C6CF1BFD3DA700D80D9E;
			remoteInfo = Sober;
		};
		50B8C6F51BFD3DA800D80D9E /* PBXContainerItemProxy */ = {
			isa = PBXContainerItemProxy;
			containerPortal = 50B8C6C61BFD3C5B00D80D9E /* Project object */;
			proxyType = 1;
			remoteGlobalIDString = 50B8C6CF1BFD3DA700D80D9E;
			remoteInfo = Sober;
		};
/* End PBXContainerItemProxy section */

/* Begin PBXFileReference section */
		50B8C6D01BFD3DA700D80D9E /* Sober.app */ = {isa = PBXFileReference; explicitFileType = wrapper.application; includeInIndex = 0; path = Sober.app; sourceTree = BUILT_PRODUCTS_DIR; };
		50B8C6D31BFD3DA700D80D9E /* AppDelegate.swift */ = {isa = PBXFileReference; lastKnownFileType = sourcecode.swift; path = AppDelegate.swift; sourceTree = "<group>"; };
		50B8C6D61BFD3DA700D80D9E /* Sober.xcdatamodel */ = {isa = PBXFileReference; lastKnownFileType = wrapper.xcdatamodel; path = Sober.xcdatamodel; sourceTree = "<group>"; };
		50B8C6D81BFD3DA700D80D9E /* MasterViewController.swift */ = {isa = PBXFileReference; lastKnownFileType = sourcecode.swift; path = MasterViewController.swift; sourceTree = "<group>"; };
		50B8C6DA1BFD3DA700D80D9E /* DetailViewController.swift */ = {isa = PBXFileReference; lastKnownFileType = sourcecode.swift; path = DetailViewController.swift; sourceTree = "<group>"; };
		50B8C6DD1BFD3DA700D80D9E /* Base */ = {isa = PBXFileReference; lastKnownFileType = file.storyboard; name = Base; path = Base.lproj/Main.storyboard; sourceTree = "<group>"; };
		50B8C6DF1BFD3DA700D80D9E /* Assets.xcassets */ = {isa = PBXFileReference; lastKnownFileType = folder.assetcatalog; path = Assets.xcassets; sourceTree = "<group>"; };
		50B8C6E21BFD3DA700D80D9E /* Base */ = {isa = PBXFileReference; lastKnownFileType = file.storyboard; name = Base; path = Base.lproj/LaunchScreen.storyboard; sourceTree = "<group>"; };
		50B8C6E41BFD3DA700D80D9E /* Info.plist */ = {isa = PBXFileReference; lastKnownFileType = text.plist.xml; path = Info.plist; sourceTree = "<group>"; };
		50B8C6E91BFD3DA800D80D9E /* SoberTests.xctest */ = {isa = PBXFileReference; explicitFileType = wrapper.cfbundle; includeInIndex = 0; path = SoberTests.xctest; sourceTree = BUILT_PRODUCTS_DIR; };
		50B8C6ED1BFD3DA800D80D9E /* SoberTests.swift */ = {isa = PBXFileReference; lastKnownFileType = sourcecode.swift; path = SoberTests.swift; sourceTree = "<group>"; };
		50B8C6EF1BFD3DA800D80D9E /* Info.plist */ = {isa = PBXFileReference; lastKnownFileType = text.plist.xml; path = Info.plist; sourceTree = "<group>"; };
		50B8C6F41BFD3DA800D80D9E /* SoberUITests.xctest */ = {isa = PBXFileReference; explicitFileType = wrapper.cfbundle; includeInIndex = 0; path = SoberUITests.xctest; sourceTree = BUILT_PRODUCTS_DIR; };
		50B8C6F81BFD3DA800D80D9E /* SoberUITests.swift */ = {isa = PBXFileReference; lastKnownFileType = sourcecode.swift; path = SoberUITests.swift; sourceTree = "<group>"; };
		50B8C6FA1BFD3DA800D80D9E /* Info.plist */ = {isa = PBXFileReference; lastKnownFileType = text.plist.xml; path = Info.plist; sourceTree = "<group>"; };
/* End PBXFileReference section */

/* Begin PBXFrameworksBuildPhase section */
		50B8C6CD1BFD3DA700D80D9E /* Frameworks */ = {
			isa = PBXFrameworksBuildPhase;
			buildActionMask = 2147483647;
			files = (
			);
			runOnlyForDeploymentPostprocessing = 0;
		};
		50B8C6E61BFD3DA800D80D9E /* Frameworks */ = {
			isa = PBXFrameworksBuildPhase;
			buildActionMask = 2147483647;
			files = (
			);
			runOnlyForDeploymentPostprocessing = 0;
		};
		50B8C6F11BFD3DA800D80D9E /* Frameworks */ = {
			isa = PBXFrameworksBuildPhase;
			buildActionMask = 2147483647;
			files = (
			);
			runOnlyForDeploymentPostprocessing = 0;
		};
/* End PBXFrameworksBuildPhase section */

/* Begin PBXGroup section */
		50B8C6C51BFD3C5B00D80D9E = {
			isa = PBXGroup;
			children = (
				50B8C6D21BFD3DA700D80D9E /* Sober */,
				50B8C6EC1BFD3DA800D80D9E /* SoberTests */,
				50B8C6F71BFD3DA800D80D9E /* SoberUITests */,
				50B8C6D11BFD3DA700D80D9E /* Products */,
			);
			sourceTree = "<group>";
		};
		50B8C6D11BFD3DA700D80D9E /* Products */ = {
			isa = PBXGroup;
			children = (
				50B8C6D01BFD3DA700D80D9E /* Sober.app */,
				50B8C6E91BFD3DA800D80D9E /* SoberTests.xctest */,
				50B8C6F41BFD3DA800D80D9E /* SoberUITests.xctest */,
			);
			name = Products;
			sourceTree = "<group>";
		};
		50B8C6D21BFD3DA700D80D9E /* Sober */ = {
			isa = PBXGroup;
			children = (
				50B8C6D31BFD3DA700D80D9E /* AppDelegate.swift */,
				50B8C6D81BFD3DA700D80D9E /* MasterViewController.swift */,
				50B8C6DA1BFD3DA700D80D9E /* DetailViewController.swift */,
				50B8C6DC1BFD3DA700D80D9E /* Main.storyboard */,
				50B8C6DF1BFD3DA700D80D9E /* Assets.xcassets */,
				50B8C6E11BFD3DA700D80D9E /* LaunchScreen.storyboard */,
				50B8C6E41BFD3DA700D80D9E /* Info.plist */,
				50B8C6D51BFD3DA700D80D9E /* Sober.xcdatamodeld */,
			);
			path = Sober;
			sourceTree = "<group>";
		};
		50B8C6EC1BFD3DA800D80D9E /* SoberTests */ = {
			isa = PBXGroup;
			children = (
				50B8C6ED1BFD3DA800D80D9E /* SoberTests.swift */,
				50B8C6EF1BFD3DA800D80D9E /* Info.plist */,
			);
			path = SoberTests;
			sourceTree = "<group>";
		};
		50B8C6F71BFD3DA800D80D9E /* SoberUITests */ = {
			isa = PBXGroup;
			children = (
				50B8C6F81BFD3DA800D80D9E /* SoberUITests.swift */,
				50B8C6FA1BFD3DA800D80D9E /* Info.plist */,
			);
			path = SoberUITests;
			sourceTree = "<group>";
		};
/* End PBXGroup section */

/* Begin PBXNativeTarget section */
		50B8C6CF1BFD3DA700D80D9E /* Sober */ = {
			isa = PBXNativeTarget;
			buildConfigurationList = 50B8C6FB1BFD3DA800D80D9E /* Build configuration list for PBXNativeTarget "Sober" */;
			buildPhases = (
				50B8C6CC1BFD3DA700D80D9E /* Sources */,
				50B8C6CD1BFD3DA700D80D9E /* Frameworks */,
				50B8C6CE1BFD3DA700D80D9E /* Resources */,
			);
			buildRules = (
			);
			dependencies = (
			);
			name = Sober;
			productName = Sober;
			productReference = 50B8C6D01BFD3DA700D80D9E /* Sober.app */;
			productType = "com.apple.product-type.application";
		};
		50B8C6E81BFD3DA800D80D9E /* SoberTests */ = {
			isa = PBXNativeTarget;
			buildConfigurationList = 50B8C6FE1BFD3DA800D80D9E /* Build configuration list for PBXNativeTarget "SoberTests" */;
			buildPhases = (
				50B8C6E51BFD3DA800D80D9E /* Sources */,
				50B8C6E61BFD3DA800D80D9E /* Frameworks */,
				50B8C6E71BFD3DA800D80D9E /* Resources */,
			);
			buildRules = (
			);
			dependencies = (
				50B8C6EB1BFD3DA800D80D9E /* PBXTargetDependency */,
			);
			name = SoberTests;
			productName = SoberTests;
			productReference = 50B8C6E91BFD3DA800D80D9E /* SoberTests.xctest */;
			productType = "com.apple.product-type.bundle.unit-test";
		};
		50B8C6F31BFD3DA800D80D9E /* SoberUITests */ = {
			isa = PBXNativeTarget;
			buildConfigurationList = 50B8C7011BFD3DA800D80D9E /* Build configuration list for PBXNativeTarget "SoberUITests" */;
			buildPhases = (
				50B8C6F01BFD3DA800D80D9E /* Sources */,
				50B8C6F11BFD3DA800D80D9E /* Frameworks */,
				50B8C6F21BFD3DA800D80D9E /* Resources */,
			);
			buildRules = (
			);
			dependencies = (
				50B8C6F61BFD3DA800D80D9E /* PBXTargetDependency */,
			);
			name = SoberUITests;
			productName = SoberUITests;
			productReference = 50B8C6F41BFD3DA800D80D9E /* SoberUITests.xctest */;
			productType = "com.apple.product-type.bundle.ui-testing";
		};
/* End PBXNativeTarget section */

/* Begin PBXProject section */
		50B8C6C61BFD3C5B00D80D9E /* Project object */ = {
			isa = PBXProject;
			attributes = {
				LastSwiftUpdateCheck = 0710;
				LastUpgradeCheck = 0710;
				TargetAttributes = {
					50B8C6CF1BFD3DA700D80D9E = {
						CreatedOnToolsVersion = 7.1.1;
						DevelopmentTeam = SUS38N45NG;
					};
					50B8C6E81BFD3DA800D80D9E = {
						CreatedOnToolsVersion = 7.1.1;
						DevelopmentTeam = SUS38N45NG;
						TestTargetID = 50B8C6CF1BFD3DA700D80D9E;
					};
					50B8C6F31BFD3DA800D80D9E = {
						CreatedOnToolsVersion = 7.1.1;
						DevelopmentTeam = SUS38N45NG;
						TestTargetID = 50B8C6CF1BFD3DA700D80D9E;
					};
				};
			};
			buildConfigurationList = 50B8C6C91BFD3C5B00D80D9E /* Build configuration list for PBXProject "Sober" */;
			compatibilityVersion = "Xcode 3.2";
			developmentRegion = English;
			hasScannedForEncodings = 0;
			knownRegions = (
				en,
				Base,
			);
			mainGroup = 50B8C6C51BFD3C5B00D80D9E;
			productRefGroup = 50B8C6D11BFD3DA700D80D9E /* Products */;
			projectDirPath = "";
			projectRoot = "";
			targets = (
				50B8C6CF1BFD3DA700D80D9E /* Sober */,
				50B8C6E81BFD3DA800D80D9E /* SoberTests */,
				50B8C6F31BFD3DA800D80D9E /* SoberUITests */,
			);
		};
/* End PBXProject section */

/* Begin PBXResourcesBuildPhase section */
		50B8C6CE1BFD3DA700D80D9E /* Resources */ = {
			isa = PBXResourcesBuildPhase;
			buildActionMask = 2147483647;
			files = (
				50B8C6E31BFD3DA700D80D9E /* LaunchScreen.storyboard in Resources */,
				50B8C6E01BFD3DA700D80D9E /* Assets.xcassets in Resources */,
				50B8C6DE1BFD3DA700D80D9E /* Main.storyboard in Resources */,
			);
			runOnlyForDeploymentPostprocessing = 0;
		};
		50B8C6E71BFD3DA800D80D9E /* Resources */ = {
			isa = PBXResourcesBuildPhase;
			buildActionMask = 2147483647;
			files = (
			);
			runOnlyForDeploymentPostprocessing = 0;
		};
		50B8C6F21BFD3DA800D80D9E /* Resources */ = {
			isa = PBXResourcesBuildPhase;
			buildActionMask = 2147483647;
			files = (
			);
			runOnlyForDeploymentPostprocessing = 0;
		};
/* End PBXResourcesBuildPhase section */

/* Begin PBXSourcesBuildPhase section */
		50B8C6CC1BFD3DA700D80D9E /* Sources */ = {
			isa = PBXSourcesBuildPhase;
			buildActionMask = 2147483647;
			files = (
				50B8C6D41BFD3DA700D80D9E /* AppDelegate.swift in Sources */,
				50B8C6D71BFD3DA700D80D9E /* Sober.xcdatamodeld in Sources */,
				50B8C6D91BFD3DA700D80D9E /* MasterViewController.swift in Sources */,
				50B8C6DB1BFD3DA700D80D9E /* DetailViewController.swift in Sources */,
			);
			runOnlyForDeploymentPostprocessing = 0;
		};
		50B8C6E51BFD3DA800D80D9E /* Sources */ = {
			isa = PBXSourcesBuildPhase;
			buildActionMask = 2147483647;
			files = (
				50B8C6EE1BFD3DA800D80D9E /* SoberTests.swift in Sources */,
			);
			runOnlyForDeploymentPostprocessing = 0;
		};
		50B8C6F01BFD3DA800D80D9E /* Sources */ = {
			isa = PBXSourcesBuildPhase;
			buildActionMask = 2147483647;
			files = (
				50B8C6F91BFD3DA800D80D9E /* SoberUITests.swift in Sources */,
			);
			runOnlyForDeploymentPostprocessing = 0;
		};
/* End PBXSourcesBuildPhase section */

/* Begin PBXTargetDependency section */
		50B8C6EB1BFD3DA800D80D9E /* PBXTargetDependency */ = {
			isa = PBXTargetDependency;
			target = 50B8C6CF1BFD3DA700D80D9E /* Sober */;
			targetProxy = 50B8C6EA1BFD3DA800D80D9E /* PBXContainerItemProxy */;
		};
		50B8C6F61BFD3DA800D80D9E /* PBXTargetDependency */ = {
			isa = PBXTargetDependency;
			target = 50B8C6CF1BFD3DA700D80D9E /* Sober */;
			targetProxy = 50B8C6F51BFD3DA800D80D9E /* PBXContainerItemProxy */;
		};
/* End PBXTargetDependency section */

/* Begin PBXVariantGroup section */
		50B8C6DC1BFD3DA700D80D9E /* Main.storyboard */ = {
			isa = PBXVariantGroup;
			children = (
				50B8C6DD1BFD3DA700D80D9E /* Base */,
			);
			name = Main.storyboard;
			sourceTree = "<group>";
		};
		50B8C6E11BFD3DA700D80D9E /* LaunchScreen.storyboard */ = {
			isa = PBXVariantGroup;
			children = (
				50B8C6E21BFD3DA700D80D9E /* Base */,
			);
			name = LaunchScreen.storyboard;
			sourceTree = "<group>";
		};
/* End PBXVariantGroup section */

/* Begin XCBuildConfiguration section */
		50B8C6CA1BFD3C5B00D80D9E /* Debug */ = {
			isa = XCBuildConfiguration;
			buildSettings = {
			};
			name = Debug;
		};
		50B8C6CB1BFD3C5B00D80D9E /* Release */ = {
			isa = XCBuildConfiguration;
			buildSettings = {
			};
			name = Release;
		};
		50B8C6FC1BFD3DA800D80D9E /* Debug */ = {
			isa = XCBuildConfiguration;
			buildSettings = {
				ALWAYS_SEARCH_USER_PATHS = NO;
				ASSETCATALOG_COMPILER_APPICON_NAME = AppIcon;
				CLANG_CXX_LANGUAGE_STANDARD = "gnu++0x";
				CLANG_CXX_LIBRARY = "libc++";
				CLANG_ENABLE_MODULES = YES;
				CLANG_ENABLE_OBJC_ARC = YES;
				CLANG_WARN_BOOL_CONVERSION = YES;
				CLANG_WARN_CONSTANT_CONVERSION = YES;
				CLANG_WARN_DIRECT_OBJC_ISA_USAGE = YES_ERROR;
				CLANG_WARN_EMPTY_BODY = YES;
				CLANG_WARN_ENUM_CONVERSION = YES;
				CLANG_WARN_INT_CONVERSION = YES;
				CLANG_WARN_OBJC_ROOT_CLASS = YES_ERROR;
				CLANG_WARN_UNREACHABLE_CODE = YES;
				CLANG_WARN__DUPLICATE_METHOD_MATCH = YES;
				"CODE_SIGN_IDENTITY[sdk=iphoneos*]" = "iPhone Developer";
				COPY_PHASE_STRIP = NO;
				DEBUG_INFORMATION_FORMAT = dwarf;
				ENABLE_STRICT_OBJC_MSGSEND = YES;
				ENABLE_TESTABILITY = YES;
				GCC_C_LANGUAGE_STANDARD = gnu99;
				GCC_DYNAMIC_NO_PIC = NO;
				GCC_NO_COMMON_BLOCKS = YES;
				GCC_OPTIMIZATION_LEVEL = 0;
				GCC_PREPROCESSOR_DEFINITIONS = (
					"DEBUG=1",
					"$(inherited)",
				);
				GCC_WARN_64_TO_32_BIT_CONVERSION = YES;
				GCC_WARN_ABOUT_RETURN_TYPE = YES_ERROR;
				GCC_WARN_UNDECLARED_SELECTOR = YES;
				GCC_WARN_UNINITIALIZED_AUTOS = YES_AGGRESSIVE;
				GCC_WARN_UNUSED_FUNCTION = YES;
				GCC_WARN_UNUSED_VARIABLE = YES;
				INFOPLIST_FILE = Sober/Info.plist;
				IPHONEOS_DEPLOYMENT_TARGET = 9.1;
				LD_RUNPATH_SEARCH_PATHS = "$(inherited) @executable_path/Frameworks";
				MTL_ENABLE_DEBUG_INFO = YES;
				ONLY_ACTIVE_ARCH = YES;
				PRODUCT_BUNDLE_IDENTIFIER = YJ.Sober;
				PRODUCT_NAME = "$(TARGET_NAME)";
				SDKROOT = iphoneos;
				SWIFT_OPTIMIZATION_LEVEL = "-Onone";
			};
			name = Debug;
		};
		50B8C6FD1BFD3DA800D80D9E /* Release */ = {
			isa = XCBuildConfiguration;
			buildSettings = {
				ALWAYS_SEARCH_USER_PATHS = NO;
				ASSETCATALOG_COMPILER_APPICON_NAME = AppIcon;
				CLANG_CXX_LANGUAGE_STANDARD = "gnu++0x";
				CLANG_CXX_LIBRARY = "libc++";
				CLANG_ENABLE_MODULES = YES;
				CLANG_ENABLE_OBJC_ARC = YES;
				CLANG_WARN_BOOL_CONVERSION = YES;
				CLANG_WARN_CONSTANT_CONVERSION = YES;
				CLANG_WARN_DIRECT_OBJC_ISA_USAGE = YES_ERROR;
				CLANG_WARN_EMPTY_BODY = YES;
				CLANG_WARN_ENUM_CONVERSION = YES;
				CLANG_WARN_INT_CONVERSION = YES;
				CLANG_WARN_OBJC_ROOT_CLASS = YES_ERROR;
				CLANG_WARN_UNREACHABLE_CODE = YES;
				CLANG_WARN__DUPLICATE_METHOD_MATCH = YES;
				"CODE_SIGN_IDENTITY[sdk=iphoneos*]" = "iPhone Developer";
				COPY_PHASE_STRIP = NO;
				DEBUG_INFORMATION_FORMAT = "dwarf-with-dsym";
				ENABLE_NS_ASSERTIONS = NO;
				ENABLE_STRICT_OBJC_MSGSEND = YES;
				GCC_C_LANGUAGE_STANDARD = gnu99;
				GCC_NO_COMMON_BLOCKS = YES;
				GCC_WARN_64_TO_32_BIT_CONVERSION = YES;
				GCC_WARN_ABOUT_RETURN_TYPE = YES_ERROR;
				GCC_WARN_UNDECLARED_SELECTOR = YES;
				GCC_WARN_UNINITIALIZED_AUTOS = YES_AGGRESSIVE;
				GCC_WARN_UNUSED_FUNCTION = YES;
				GCC_WARN_UNUSED_VARIABLE = YES;
				INFOPLIST_FILE = Sober/Info.plist;
				IPHONEOS_DEPLOYMENT_TARGET = 9.1;
				LD_RUNPATH_SEARCH_PATHS = "$(inherited) @executable_path/Frameworks";
				MTL_ENABLE_DEBUG_INFO = NO;
				PRODUCT_BUNDLE_IDENTIFIER = YJ.Sober;
				PRODUCT_NAME = "$(TARGET_NAME)";
				SDKROOT = iphoneos;
				VALIDATE_PRODUCT = YES;
			};
			name = Release;
		};
		50B8C6FF1BFD3DA800D80D9E /* Debug */ = {
			isa = XCBuildConfiguration;
			buildSettings = {
				ALWAYS_SEARCH_USER_PATHS = NO;
				BUNDLE_LOADER = "$(TEST_HOST)";
				CLANG_CXX_LANGUAGE_STANDARD = "gnu++0x";
				CLANG_CXX_LIBRARY = "libc++";
				CLANG_ENABLE_MODULES = YES;
				CLANG_ENABLE_OBJC_ARC = YES;
				CLANG_WARN_BOOL_CONVERSION = YES;
				CLANG_WARN_CONSTANT_CONVERSION = YES;
				CLANG_WARN_DIRECT_OBJC_ISA_USAGE = YES_ERROR;
				CLANG_WARN_EMPTY_BODY = YES;
				CLANG_WARN_ENUM_CONVERSION = YES;
				CLANG_WARN_INT_CONVERSION = YES;
				CLANG_WARN_OBJC_ROOT_CLASS = YES_ERROR;
				CLANG_WARN_UNREACHABLE_CODE = YES;
				CLANG_WARN__DUPLICATE_METHOD_MATCH = YES;
				"CODE_SIGN_IDENTITY[sdk=iphoneos*]" = "iPhone Developer";
				COPY_PHASE_STRIP = NO;
				DEBUG_INFORMATION_FORMAT = dwarf;
				ENABLE_STRICT_OBJC_MSGSEND = YES;
				ENABLE_TESTABILITY = YES;
				GCC_C_LANGUAGE_STANDARD = gnu99;
				GCC_DYNAMIC_NO_PIC = NO;
				GCC_NO_COMMON_BLOCKS = YES;
				GCC_OPTIMIZATION_LEVEL = 0;
				GCC_PREPROCESSOR_DEFINITIONS = (
					"DEBUG=1",
					"$(inherited)",
				);
				GCC_WARN_64_TO_32_BIT_CONVERSION = YES;
				GCC_WARN_ABOUT_RETURN_TYPE = YES_ERROR;
				GCC_WARN_UNDECLARED_SELECTOR = YES;
				GCC_WARN_UNINITIALIZED_AUTOS = YES_AGGRESSIVE;
				GCC_WARN_UNUSED_FUNCTION = YES;
				GCC_WARN_UNUSED_VARIABLE = YES;
				INFOPLIST_FILE = SoberTests/Info.plist;
				IPHONEOS_DEPLOYMENT_TARGET = 9.1;
				LD_RUNPATH_SEARCH_PATHS = "$(inherited) @executable_path/Frameworks @loader_path/Frameworks";
				MTL_ENABLE_DEBUG_INFO = YES;
				ONLY_ACTIVE_ARCH = YES;
				PRODUCT_BUNDLE_IDENTIFIER = YJ.SoberTests;
				PRODUCT_NAME = "$(TARGET_NAME)";
				SDKROOT = iphoneos;
				TEST_HOST = "$(BUILT_PRODUCTS_DIR)/Sober.app/Sober";
			};
			name = Debug;
		};
		50B8C7001BFD3DA800D80D9E /* Release */ = {
			isa = XCBuildConfiguration;
			buildSettings = {
				ALWAYS_SEARCH_USER_PATHS = NO;
				BUNDLE_LOADER = "$(TEST_HOST)";
				CLANG_CXX_LANGUAGE_STANDARD = "gnu++0x";
				CLANG_CXX_LIBRARY = "libc++";
				CLANG_ENABLE_MODULES = YES;
				CLANG_ENABLE_OBJC_ARC = YES;
				CLANG_WARN_BOOL_CONVERSION = YES;
				CLANG_WARN_CONSTANT_CONVERSION = YES;
				CLANG_WARN_DIRECT_OBJC_ISA_USAGE = YES_ERROR;
				CLANG_WARN_EMPTY_BODY = YES;
				CLANG_WARN_ENUM_CONVERSION = YES;
				CLANG_WARN_INT_CONVERSION = YES;
				CLANG_WARN_OBJC_ROOT_CLASS = YES_ERROR;
				CLANG_WARN_UNREACHABLE_CODE = YES;
				CLANG_WARN__DUPLICATE_METHOD_MATCH = YES;
				"CODE_SIGN_IDENTITY[sdk=iphoneos*]" = "iPhone Developer";
				COPY_PHASE_STRIP = NO;
				DEBUG_INFORMATION_FORMAT = "dwarf-with-dsym";
				ENABLE_NS_ASSERTIONS = NO;
				ENABLE_STRICT_OBJC_MSGSEND = YES;
				GCC_C_LANGUAGE_STANDARD = gnu99;
				GCC_NO_COMMON_BLOCKS = YES;
				GCC_WARN_64_TO_32_BIT_CONVERSION = YES;
				GCC_WARN_ABOUT_RETURN_TYPE = YES_ERROR;
				GCC_WARN_UNDECLARED_SELECTOR = YES;
				GCC_WARN_UNINITIALIZED_AUTOS = YES_AGGRESSIVE;
				GCC_WARN_UNUSED_FUNCTION = YES;
				GCC_WARN_UNUSED_VARIABLE = YES;
				INFOPLIST_FILE = SoberTests/Info.plist;
				IPHONEOS_DEPLOYMENT_TARGET = 9.1;
				LD_RUNPATH_SEARCH_PATHS = "$(inherited) @executable_path/Frameworks @loader_path/Frameworks";
				MTL_ENABLE_DEBUG_INFO = NO;
				PRODUCT_BUNDLE_IDENTIFIER = YJ.SoberTests;
				PRODUCT_NAME = "$(TARGET_NAME)";
				SDKROOT = iphoneos;
				TEST_HOST = "$(BUILT_PRODUCTS_DIR)/Sober.app/Sober";
				VALIDATE_PRODUCT = YES;
			};
			name = Release;
		};
		50B8C7021BFD3DA800D80D9E /* Debug */ = {
			isa = XCBuildConfiguration;
			buildSettings = {
				ALWAYS_SEARCH_USER_PATHS = NO;
				CLANG_CXX_LANGUAGE_STANDARD = "gnu++0x";
				CLANG_CXX_LIBRARY = "libc++";
				CLANG_ENABLE_MODULES = YES;
				CLANG_ENABLE_OBJC_ARC = YES;
				CLANG_WARN_BOOL_CONVERSION = YES;
				CLANG_WARN_CONSTANT_CONVERSION = YES;
				CLANG_WARN_DIRECT_OBJC_ISA_USAGE = YES_ERROR;
				CLANG_WARN_EMPTY_BODY = YES;
				CLANG_WARN_ENUM_CONVERSION = YES;
				CLANG_WARN_INT_CONVERSION = YES;
				CLANG_WARN_OBJC_ROOT_CLASS = YES_ERROR;
				CLANG_WARN_UNREACHABLE_CODE = YES;
				CLANG_WARN__DUPLICATE_METHOD_MATCH = YES;
				"CODE_SIGN_IDENTITY[sdk=iphoneos*]" = "iPhone Developer";
				COPY_PHASE_STRIP = NO;
				DEBUG_INFORMATION_FORMAT = dwarf;
				ENABLE_STRICT_OBJC_MSGSEND = YES;
				ENABLE_TESTABILITY = YES;
				GCC_C_LANGUAGE_STANDARD = gnu99;
				GCC_DYNAMIC_NO_PIC = NO;
				GCC_NO_COMMON_BLOCKS = YES;
				GCC_OPTIMIZATION_LEVEL = 0;
				GCC_PREPROCESSOR_DEFINITIONS = (
					"DEBUG=1",
					"$(inherited)",
				);
				GCC_WARN_64_TO_32_BIT_CONVERSION = YES;
				GCC_WARN_ABOUT_RETURN_TYPE = YES_ERROR;
				GCC_WARN_UNDECLARED_SELECTOR = YES;
				GCC_WARN_UNINITIALIZED_AUTOS = YES_AGGRESSIVE;
				GCC_WARN_UNUSED_FUNCTION = YES;
				GCC_WARN_UNUSED_VARIABLE = YES;
				INFOPLIST_FILE = SoberUITests/Info.plist;
				IPHONEOS_DEPLOYMENT_TARGET = 9.1;
				LD_RUNPATH_SEARCH_PATHS = "$(inherited) @executable_path/Frameworks @loader_path/Frameworks";
				MTL_ENABLE_DEBUG_INFO = YES;
				ONLY_ACTIVE_ARCH = YES;
				PRODUCT_BUNDLE_IDENTIFIER = YJ.SoberUITests;
				PRODUCT_NAME = "$(TARGET_NAME)";
				SDKROOT = iphoneos;
				TEST_TARGET_NAME = Sober;
				USES_XCTRUNNER = YES;
			};
			name = Debug;
		};
		50B8C7031BFD3DA800D80D9E /* Release */ = {
			isa = XCBuildConfiguration;
			buildSettings = {
				ALWAYS_SEARCH_USER_PATHS = NO;
				CLANG_CXX_LANGUAGE_STANDARD = "gnu++0x";
				CLANG_CXX_LIBRARY = "libc++";
				CLANG_ENABLE_MODULES = YES;
				CLANG_ENABLE_OBJC_ARC = YES;
				CLANG_WARN_BOOL_CONVERSION = YES;
				CLANG_WARN_CONSTANT_CONVERSION = YES;
				CLANG_WARN_DIRECT_OBJC_ISA_USAGE = YES_ERROR;
				CLANG_WARN_EMPTY_BODY = YES;
				CLANG_WARN_ENUM_CONVERSION = YES;
				CLANG_WARN_INT_CONVERSION = YES;
				CLANG_WARN_OBJC_ROOT_CLASS = YES_ERROR;
				CLANG_WARN_UNREACHABLE_CODE = YES;
				CLANG_WARN__DUPLICATE_METHOD_MATCH = YES;
				"CODE_SIGN_IDENTITY[sdk=iphoneos*]" = "iPhone Developer";
				COPY_PHASE_STRIP = NO;
				DEBUG_INFORMATION_FORMAT = "dwarf-with-dsym";
				ENABLE_NS_ASSERTIONS = NO;
				ENABLE_STRICT_OBJC_MSGSEND = YES;
				GCC_C_LANGUAGE_STANDARD = gnu99;
				GCC_NO_COMMON_BLOCKS = YES;
				GCC_WARN_64_TO_32_BIT_CONVERSION = YES;
				GCC_WARN_ABOUT_RETURN_TYPE = YES_ERROR;
				GCC_WARN_UNDECLARED_SELECTOR = YES;
				GCC_WARN_UNINITIALIZED_AUTOS = YES_AGGRESSIVE;
				GCC_WARN_UNUSED_FUNCTION = YES;
				GCC_WARN_UNUSED_VARIABLE = YES;
				INFOPLIST_FILE = SoberUITests/Info.plist;
				IPHONEOS_DEPLOYMENT_TARGET = 9.1;
				LD_RUNPATH_SEARCH_PATHS = "$(inherited) @executable_path/Frameworks @loader_path/Frameworks";
				MTL_ENABLE_DEBUG_INFO = NO;
				PRODUCT_BUNDLE_IDENTIFIER = YJ.SoberUITests;
				PRODUCT_NAME = "$(TARGET_NAME)";
				SDKROOT = iphoneos;
				TEST_TARGET_NAME = Sober;
				USES_XCTRUNNER = YES;
				VALIDATE_PRODUCT = YES;
			};
			name = Release;
		};
/* End XCBuildConfiguration section */

/* Begin XCConfigurationList section */
		50B8C6C91BFD3C5B00D80D9E /* Build configuration list for PBXProject "Sober" */ = {
			isa = XCConfigurationList;
			buildConfigurations = (
				50B8C6CA1BFD3C5B00D80D9E /* Debug */,
				50B8C6CB1BFD3C5B00D80D9E /* Release */,
			);
			defaultConfigurationIsVisible = 0;
			defaultConfigurationName = Release;
		};
		50B8C6FB1BFD3DA800D80D9E /* Build configuration list for PBXNativeTarget "Sober" */ = {
			isa = XCConfigurationList;
			buildConfigurations = (
				50B8C6FC1BFD3DA800D80D9E /* Debug */,
				50B8C6FD1BFD3DA800D80D9E /* Release */,
			);
			defaultConfigurationIsVisible = 0;
		};
		50B8C6FE1BFD3DA800D80D9E /* Build configuration list for PBXNativeTarget "SoberTests" */ = {
			isa = XCConfigurationList;
			buildConfigurations = (
				50B8C6FF1BFD3DA800D80D9E /* Debug */,
				50B8C7001BFD3DA800D80D9E /* Release */,
			);
			defaultConfigurationIsVisible = 0;
		};
		50B8C7011BFD3DA800D80D9E /* Build configuration list for PBXNativeTarget "SoberUITests" */ = {
			isa = XCConfigurationList;
			buildConfigurations = (
				50B8C7021BFD3DA800D80D9E /* Debug */,
				50B8C7031BFD3DA800D80D9E /* Release */,
			);
			defaultConfigurationIsVisible = 0;
		};
/* End XCConfigurationList section */

/* Begin XCVersionGroup section */
		50B8C6D51BFD3DA700D80D9E /* Sober.xcdatamodeld */ = {
			isa = XCVersionGroup;
			children = (
				50B8C6D61BFD3DA700D80D9E /* Sober.xcdatamodel */,
			);
			currentVersion = 50B8C6D61BFD3DA700D80D9E /* Sober.xcdatamodel */;
			path = Sober.xcdatamodeld;
			sourceTree = "<group>";
			versionGroupType = wrapper.xcdatamodel;
		};
/* End XCVersionGroup section */
	};
	rootObject = 50B8C6C61BFD3C5B00D80D9E /* Project object */;
}
